
Microsoft Visual Studio Solution File, Format Version 12.00
# Visual Studio Version 17
VisualStudioVersion = 17.5.33627.172
MinimumVisualStudioVersion = 10.0.40219.1
Project("{888888A0-9F3D-457C-B088-3A5042F75D52}") = "wifi stealer", "wifi stealer.pyproj", "{C0A77FFC-26E6-41ED-9866-2A902E31C5F1}"
EndProject
Global
	GlobalSection(SolutionConfigurationPlatforms) = preSolution
		Debug|Any CPU = Debug|Any CPU
		Release|Any CPU = Release|Any CPU
	EndGlobalSection
	GlobalSection(ProjectConfigurationPlatforms) = postSolution
		{C0A77FFC-26E6-41ED-9866-2A902E31C5F1}.Debug|Any CPU.ActiveCfg = Debug|Any CPU
		{C0A77FFC-26E6-41ED-9866-2A902E31C5F1}.Release|Any CPU.ActiveCfg = Release|Any CPU
	EndGlobalSection
	GlobalSection(SolutionProperties) = preSolution
		HideSolutionNode = FALSE
	EndGlobalSection
	GlobalSection(ExtensibilityGlobals) = postSolution
		SolutionGuid = {26B7A6B5-6F5E-4304-933B-F7757446A97A}
	EndGlobalSection
EndGlobal
